# THIS IS AN AUTOGENERATED FILE. DO NOT EDIT THIS FILE DIRECTLY.
# yarn lockfile v1


p5.js-svg@^1.5.1:
  version "1.5.1"
  resolved "https://registry.yarnpkg.com/p5.js-svg/-/p5.js-svg-1.5.1.tgz#98b28fd755073cff6f584915c48039306b2954ac"
  integrity sha512-7p7VJ5WBpn8IVqX5b0FNkzn0+z7LNYMeM65qsLnjnEwi1ZUkSLeT49bbCAZYbmMW47ZagMdwU5UhNAvl0W/eAA==
